# THIS IS AN AUTOGENERATED FILE. DO NOT EDIT THIS FILE DIRECTLY.
# yarn lockfile v1


"@esbuild/aix-ppc64@0.24.2":
  version "0.24.2"
  resolved "https://registry.yarnpkg.com/@esbuild/aix-ppc64/-/aix-ppc64-0.24.2.tgz#38848d3e25afe842a7943643cbcd387cc6e13461"
  integrity sha512-thpVCb/rhxE/BnMLQ7GReQLLN8q9qbHmI55F4489/ByVg2aQaQ6kbcLb6FHkocZzQhxc4gx0sCk0tJkKBFzDhA==

"@esbuild/android-arm64@0.24.2":
  version "0.24.2"
  resolved "https://registry.yarnpkg.com/@esbuild/android-arm64/-/android-arm64-0.24.2.tgz#f592957ae8b5643129fa889c79e69cd8669bb894"
  integrity sha512-cNLgeqCqV8WxfcTIOeL4OAtSmL8JjcN6m09XIgro1Wi7cF4t/THaWEa7eL5CMoMBdjoHOTh/vwTO/o2TRXIyzg==

"@esbuild/android-arm@0.24.2":
  version "0.24.2"
  resolved "https://registry.yarnpkg.com/@esbuild/android-arm/-/android-arm-0.24.2.tgz#72d8a2063aa630308af486a7e5cbcd1e134335b3"
  integrity sha512-tmwl4hJkCfNHwFB3nBa8z1Uy3ypZpxqxfTQOcHX+xRByyYgunVbZ9MzUUfb0RxaHIMnbHagwAxuTL+tnNM+1/Q==

"@esbuild/android-x64@0.24.2":
  version "0.24.2"
  resolved "https://registry.yarnpkg.com/@esbuild/android-x64/-/android-x64-0.24.2.tgz#9a7713504d5f04792f33be9c197a882b2d88febb"
  integrity sha512-B6Q0YQDqMx9D7rvIcsXfmJfvUYLoP722bgfBlO5cGvNVb5V/+Y7nhBE3mHV9OpxBf4eAS2S68KZztiPaWq4XYw==

"@esbuild/darwin-arm64@0.24.2":
  version "0.24.2"
  resolved "https://registry.yarnpkg.com/@esbuild/darwin-arm64/-/darwin-arm64-0.24.2.tgz#02ae04ad8ebffd6e2ea096181b3366816b2b5936"
  integrity sha512-kj3AnYWc+CekmZnS5IPu9D+HWtUI49hbnyqk0FLEJDbzCIQt7hg7ucF1SQAilhtYpIujfaHr6O0UHlzzSPdOeA==

"@esbuild/darwin-x64@0.24.2":
  version "0.24.2"
  resolved "https://registry.yarnpkg.com/@esbuild/darwin-x64/-/darwin-x64-0.24.2.tgz#9ec312bc29c60e1b6cecadc82bd504d8adaa19e9"
  integrity sha512-WeSrmwwHaPkNR5H3yYfowhZcbriGqooyu3zI/3GGpF8AyUdsrrP0X6KumITGA9WOyiJavnGZUwPGvxvwfWPHIA==

"@esbuild/freebsd-arm64@0.24.2":
  version "0.24.2"
  resolved "https://registry.yarnpkg.com/@esbuild/freebsd-arm64/-/freebsd-arm64-0.24.2.tgz#5e82f44cb4906d6aebf24497d6a068cfc152fa00"
  integrity sha512-UN8HXjtJ0k/Mj6a9+5u6+2eZ2ERD7Edt1Q9IZiB5UZAIdPnVKDoG7mdTVGhHJIeEml60JteamR3qhsr1r8gXvg==

"@esbuild/freebsd-x64@0.24.2":
  version "0.24.2"
  resolved "https://registry.yarnpkg.com/@esbuild/freebsd-x64/-/freebsd-x64-0.24.2.tgz#3fb1ce92f276168b75074b4e51aa0d8141ecce7f"
  integrity sha512-TvW7wE/89PYW+IevEJXZ5sF6gJRDY/14hyIGFXdIucxCsbRmLUcjseQu1SyTko+2idmCw94TgyaEZi9HUSOe3Q==

"@esbuild/linux-arm64@0.24.2":
  version "0.24.2"
  resolved "https://registry.yarnpkg.com/@esbuild/linux-arm64/-/linux-arm64-0.24.2.tgz#856b632d79eb80aec0864381efd29de8fd0b1f43"
  integrity sha512-7HnAD6074BW43YvvUmE/35Id9/NB7BeX5EoNkK9obndmZBUk8xmJJeU7DwmUeN7tkysslb2eSl6CTrYz6oEMQg==

"@esbuild/linux-arm@0.24.2":
  version "0.24.2"
  resolved "https://registry.yarnpkg.com/@esbuild/linux-arm/-/linux-arm-0.24.2.tgz#c846b4694dc5a75d1444f52257ccc5659021b736"
  integrity sha512-n0WRM/gWIdU29J57hJyUdIsk0WarGd6To0s+Y+LwvlC55wt+GT/OgkwoXCXvIue1i1sSNWblHEig00GBWiJgfA==

"@esbuild/linux-ia32@0.24.2":
  version "0.24.2"
  resolved "https://registry.yarnpkg.com/@esbuild/linux-ia32/-/linux-ia32-0.24.2.tgz#f8a16615a78826ccbb6566fab9a9606cfd4a37d5"
  integrity sha512-sfv0tGPQhcZOgTKO3oBE9xpHuUqguHvSo4jl+wjnKwFpapx+vUDcawbwPNuBIAYdRAvIDBfZVvXprIj3HA+Ugw==

"@esbuild/linux-loong64@0.24.2":
  version "0.24.2"
  resolved "https://registry.yarnpkg.com/@esbuild/linux-loong64/-/linux-loong64-0.24.2.tgz#1c451538c765bf14913512c76ed8a351e18b09fc"
  integrity sha512-CN9AZr8kEndGooS35ntToZLTQLHEjtVB5n7dl8ZcTZMonJ7CCfStrYhrzF97eAecqVbVJ7APOEe18RPI4KLhwQ==

"@esbuild/linux-mips64el@0.24.2":
  version "0.24.2"
  resolved "https://registry.yarnpkg.com/@esbuild/linux-mips64el/-/linux-mips64el-0.24.2.tgz#0846edeefbc3d8d50645c51869cc64401d9239cb"
  integrity sha512-iMkk7qr/wl3exJATwkISxI7kTcmHKE+BlymIAbHO8xanq/TjHaaVThFF6ipWzPHryoFsesNQJPE/3wFJw4+huw==

"@esbuild/linux-ppc64@0.24.2":
  version "0.24.2"
  resolved "https://registry.yarnpkg.com/@esbuild/linux-ppc64/-/linux-ppc64-0.24.2.tgz#8e3fc54505671d193337a36dfd4c1a23b8a41412"
  integrity sha512-shsVrgCZ57Vr2L8mm39kO5PPIb+843FStGt7sGGoqiiWYconSxwTiuswC1VJZLCjNiMLAMh34jg4VSEQb+iEbw==

"@esbuild/linux-riscv64@0.24.2":
  version "0.24.2"
  resolved "https://registry.yarnpkg.com/@esbuild/linux-riscv64/-/linux-riscv64-0.24.2.tgz#6a1e92096d5e68f7bb10a0d64bb5b6d1daf9a694"
  integrity sha512-4eSFWnU9Hhd68fW16GD0TINewo1L6dRrB+oLNNbYyMUAeOD2yCK5KXGK1GH4qD/kT+bTEXjsyTCiJGHPZ3eM9Q==

"@esbuild/linux-s390x@0.24.2":
  version "0.24.2"
  resolved "https://registry.yarnpkg.com/@esbuild/linux-s390x/-/linux-s390x-0.24.2.tgz#ab18e56e66f7a3c49cb97d337cd0a6fea28a8577"
  integrity sha512-S0Bh0A53b0YHL2XEXC20bHLuGMOhFDO6GN4b3YjRLK//Ep3ql3erpNcPlEFed93hsQAjAQDNsvcK+hV90FubSw==

"@esbuild/linux-x64@0.24.2":
  version "0.24.2"
  resolved "https://registry.yarnpkg.com/@esbuild/linux-x64/-/linux-x64-0.24.2.tgz#8140c9b40da634d380b0b29c837a0b4267aff38f"
  integrity sha512-8Qi4nQcCTbLnK9WoMjdC9NiTG6/E38RNICU6sUNqK0QFxCYgoARqVqxdFmWkdonVsvGqWhmm7MO0jyTqLqwj0Q==

"@esbuild/netbsd-arm64@0.24.2":
  version "0.24.2"
  resolved "https://registry.yarnpkg.com/@esbuild/netbsd-arm64/-/netbsd-arm64-0.24.2.tgz#65f19161432bafb3981f5f20a7ff45abb2e708e6"
  integrity sha512-wuLK/VztRRpMt9zyHSazyCVdCXlpHkKm34WUyinD2lzK07FAHTq0KQvZZlXikNWkDGoT6x3TD51jKQ7gMVpopw==

"@esbuild/netbsd-x64@0.24.2":
  version "0.24.2"
  resolved "https://registry.yarnpkg.com/@esbuild/netbsd-x64/-/netbsd-x64-0.24.2.tgz#7a3a97d77abfd11765a72f1c6f9b18f5396bcc40"
  integrity sha512-VefFaQUc4FMmJuAxmIHgUmfNiLXY438XrL4GDNV1Y1H/RW3qow68xTwjZKfj/+Plp9NANmzbH5R40Meudu8mmw==

"@esbuild/openbsd-arm64@0.24.2":
  version "0.24.2"
  resolved "https://registry.yarnpkg.com/@esbuild/openbsd-arm64/-/openbsd-arm64-0.24.2.tgz#58b00238dd8f123bfff68d3acc53a6ee369af89f"
  integrity sha512-YQbi46SBct6iKnszhSvdluqDmxCJA+Pu280Av9WICNwQmMxV7nLRHZfjQzwbPs3jeWnuAhE9Jy0NrnJ12Oz+0A==

"@esbuild/openbsd-x64@0.24.2":
  version "0.24.2"
  resolved "https://registry.yarnpkg.com/@esbuild/openbsd-x64/-/openbsd-x64-0.24.2.tgz#0ac843fda0feb85a93e288842936c21a00a8a205"
  integrity sha512-+iDS6zpNM6EnJyWv0bMGLWSWeXGN/HTaF/LXHXHwejGsVi+ooqDfMCCTerNFxEkM3wYVcExkeGXNqshc9iMaOA==

"@esbuild/sunos-x64@0.24.2":
  version "0.24.2"
  resolved "https://registry.yarnpkg.com/@esbuild/sunos-x64/-/sunos-x64-0.24.2.tgz#8b7aa895e07828d36c422a4404cc2ecf27fb15c6"
  integrity sha512-hTdsW27jcktEvpwNHJU4ZwWFGkz2zRJUz8pvddmXPtXDzVKTTINmlmga3ZzwcuMpUvLw7JkLy9QLKyGpD2Yxig==

"@esbuild/win32-arm64@0.24.2":
  version "0.24.2"
  resolved "https://registry.yarnpkg.com/@esbuild/win32-arm64/-/win32-arm64-0.24.2.tgz#c023afb647cabf0c3ed13f0eddfc4f1d61c66a85"
  integrity sha512-LihEQ2BBKVFLOC9ZItT9iFprsE9tqjDjnbulhHoFxYQtQfai7qfluVODIYxt1PgdoyQkz23+01rzwNwYfutxUQ==

"@esbuild/win32-ia32@0.24.2":
  version "0.24.2"
  resolved "https://registry.yarnpkg.com/@esbuild/win32-ia32/-/win32-ia32-0.24.2.tgz#96c356132d2dda990098c8b8b951209c3cd743c2"
  integrity sha512-q+iGUwfs8tncmFC9pcnD5IvRHAzmbwQ3GPS5/ceCyHdjXubwQWI12MKWSNSMYLJMq23/IUCvJMS76PDqXe1fxA==

"@esbuild/win32-x64@0.24.2":
  version "0.24.2"
  resolved "https://registry.yarnpkg.com/@esbuild/win32-x64/-/win32-x64-0.24.2.tgz#34aa0b52d0fbb1a654b596acfa595f0c7b77a77b"
  integrity sha512-7VTgWzgMGvup6aSqDPLiW5zHaxYJGTO4OokMjIlrCtf+VpEL+cXKtCvg723iguPYI5oaUNdS+/V7OU2gvXVWEg==

"@rollup/rollup-android-arm-eabi@4.34.5":
  version "4.34.5"
  resolved "https://registry.yarnpkg.com/@rollup/rollup-android-arm-eabi/-/rollup-android-arm-eabi-4.34.5.tgz#35f3e4bbd9e7ccf72e0beaa91052f3eb4274ad27"
  integrity sha512-JXmmQcKQtpf3Z6lvA8akkrHDZ5AEfgc2hLMix1/X5BhQbezBQ0AP5GYLdU8jsQRme8qr2sscCe3wizp7UT0L9g==

"@rollup/rollup-android-arm64@4.34.5":
  version "4.34.5"
  resolved "https://registry.yarnpkg.com/@rollup/rollup-android-arm64/-/rollup-android-arm64-4.34.5.tgz#500406f6ad1d8cf39cbdb4af9decd47d8b6e46c6"
  integrity sha512-9/A8/ZBOprUjkrJoP9BBEq2vdSud6BPd3LChw09bJQiEZH5oN4kWIkHu90cA0Cj0cSF5cIaD76+0lA+d5KHmpQ==

"@rollup/rollup-darwin-arm64@4.34.5":
  version "4.34.5"
  resolved "https://registry.yarnpkg.com/@rollup/rollup-darwin-arm64/-/rollup-darwin-arm64-4.34.5.tgz#76a2ed9d6c11d9a26ffbe7081e080c5a4e2e77d3"
  integrity sha512-b9oCfgHKfc1AJEQ5sEpE8Kf6s7aeygj5bZAsl1hTpZc1V9cfZASFSXzzNj7o/BQNPbjmVkVxpCCLRhBfLXhJ5g==

"@rollup/rollup-darwin-x64@4.34.5":
  version "4.34.5"
  resolved "https://registry.yarnpkg.com/@rollup/rollup-darwin-x64/-/rollup-darwin-x64-4.34.5.tgz#cdf9913cca30ff5730005cb35d8dda315f1944bc"
  integrity sha512-Gz42gKBQPoFdMYdsVqkcpttYOO/0aP7f+1CgMaeZEz0gss7dop1TsO3hT77Iroz/TV7PdPUG/RYlj9EA39L4dw==

"@rollup/rollup-freebsd-arm64@4.34.5":
  version "4.34.5"
  resolved "https://registry.yarnpkg.com/@rollup/rollup-freebsd-arm64/-/rollup-freebsd-arm64-4.34.5.tgz#791ae6793c4f18e2afaa630bf45366120b9151e3"
  integrity sha512-JPkafjkOFaupd8VQYsXfGFKC2pfMr7hwSYGkVGNwhbW0k0lHHyIdhCSNBendJ4O7YlT4yRyKXoms1TL7saO7SQ==

"@rollup/rollup-freebsd-x64@4.34.5":
  version "4.34.5"
  resolved "https://registry.yarnpkg.com/@rollup/rollup-freebsd-x64/-/rollup-freebsd-x64-4.34.5.tgz#0dc91ebdde6973e3a48afe4f44d170b9d0585a5e"
  integrity sha512-j6Q8VFqyI8hZM33h1JC6DZK2w8ejkXqEMozTrtIEGfRVMpVZL3GrLOOYEUkAgUSpJ9sb2w+FEpjGj7IHRcQfdw==

"@rollup/rollup-linux-arm-gnueabihf@4.34.5":
  version "4.34.5"
  resolved "https://registry.yarnpkg.com/@rollup/rollup-linux-arm-gnueabihf/-/rollup-linux-arm-gnueabihf-4.34.5.tgz#4481c1b9b64c64f5c41f88d33733b899a6326919"
  integrity sha512-6jyiXKF9Xq6x9yQjct5xrRT0VghJk5VzAfed3o0hgncwacZkzOdR0TXLRNjexsEXWN8tG7jWWwsVk7WeFi//gw==

"@rollup/rollup-linux-arm-musleabihf@4.34.5":
  version "4.34.5"
  resolved "https://registry.yarnpkg.com/@rollup/rollup-linux-arm-musleabihf/-/rollup-linux-arm-musleabihf-4.34.5.tgz#d09deae1d92576bde9096fe20e3fb7438aed6120"
  integrity sha512-cOTYe5tLcGAvGztRLIqx87LE7j/qjaAqFrrHsPFlnuhhhFO5LSr2AzvdQYuxomJMzMBrXkMRNl9bQEpDZ5bjLQ==

"@rollup/rollup-linux-arm64-gnu@4.34.5":
  version "4.34.5"
  resolved "https://registry.yarnpkg.com/@rollup/rollup-linux-arm64-gnu/-/rollup-linux-arm64-gnu-4.34.5.tgz#2c6ca31de0ff8d764162ab4ffec37ffa1e8bf0c5"
  integrity sha512-KHlrd+YqmS7rriW+LBb1kQNYmd5w1sAIG3z7HEpnQOrg/skeYYv9DAcclGL9gpFdpnzmiAEkzsTT74kZWUtChQ==

"@rollup/rollup-linux-arm64-musl@4.34.5":
  version "4.34.5"
  resolved "https://registry.yarnpkg.com/@rollup/rollup-linux-arm64-musl/-/rollup-linux-arm64-musl-4.34.5.tgz#39a15d9e3baebbb10af6cc1cf953cbec23987774"
  integrity sha512-uOb6hzDqym4Sw+qw3+svS3SmwQGVUhyTdPKyHDdlYg1Z0aHjdNmjwRY7zw/90/UfBe/yD7Mv2mYKhQpOfy4RYA==

"@rollup/rollup-linux-loongarch64-gnu@4.34.5":
  version "4.34.5"
  resolved "https://registry.yarnpkg.com/@rollup/rollup-linux-loongarch64-gnu/-/rollup-linux-loongarch64-gnu-4.34.5.tgz#7b59ce9aa4d181e8394555a34ed7bbb5818d69af"
  integrity sha512-pARu8ZKANZH4wINLdHLKG69EPwJswM6A+Ox1a9LpiclRQoyjacFFTtXN3akKQ2ufJXDasO/pWvxKN9ZfCgEoFA==

"@rollup/rollup-linux-powerpc64le-gnu@4.34.5":
  version "4.34.5"
  resolved "https://registry.yarnpkg.com/@rollup/rollup-linux-powerpc64le-gnu/-/rollup-linux-powerpc64le-gnu-4.34.5.tgz#66b0f7ca788ec1c6e9154556a77984307f855299"
  integrity sha512-crUWn12NRmCdao2YwS1GvlPCVypMBMJlexTaantaP2+dAMd2eZBErFcKG8hZYEHjSbbk2UoH1aTlyeA4iKLqSA==

"@rollup/rollup-linux-riscv64-gnu@4.34.5":
  version "4.34.5"
  resolved "https://registry.yarnpkg.com/@rollup/rollup-linux-riscv64-gnu/-/rollup-linux-riscv64-gnu-4.34.5.tgz#642fd9af7fc9bd7bb4b9afde39460c48839348a4"
  integrity sha512-XtD/oMhCdixi3x8rCNyDRMUsLo1Z+1UQcK+oR7AsjglGov9ETiT3TNFhUPzaGC1jH+uaMtPhxrVRUub+pnAKTg==

"@rollup/rollup-linux-s390x-gnu@4.34.5":
  version "4.34.5"
  resolved "https://registry.yarnpkg.com/@rollup/rollup-linux-s390x-gnu/-/rollup-linux-s390x-gnu-4.34.5.tgz#e3a00ac613313a30ab2a26afa0e2728d3c40b01a"
  integrity sha512-V3+BvgyHb21aF7lw0sc78Tv0+xLp4lm2OM7CKFVrBuppsMvtl/9O5y2OX4tdDT0EhIsDP/ObJPqDuEg1ZoTwSQ==

"@rollup/rollup-linux-x64-gnu@4.34.5":
  version "4.34.5"
  resolved "https://registry.yarnpkg.com/@rollup/rollup-linux-x64-gnu/-/rollup-linux-x64-gnu-4.34.5.tgz#471a161af5053b5b220f6b4e11154fccfc6be27b"
  integrity sha512-SkCIXLGk42yldTcH8UXh++m0snVxp9DLf4meb1mWm0lC8jzxjFBwSLGtUSeLgQDsC05iBaIhyjNX46DlByrApQ==

"@rollup/rollup-linux-x64-musl@4.34.5":
  version "4.34.5"
  resolved "https://registry.yarnpkg.com/@rollup/rollup-linux-x64-musl/-/rollup-linux-x64-musl-4.34.5.tgz#50246753c1f1cdaea03db264e0eff0f0ac5c4ad4"
  integrity sha512-iUcH3FBtBN2/Ce0rI84suRhD0+bB5BVEffqOwsGaX5py5TuYLOQa7S7oVBP0NKtB5rub3i9IvZtMXiD96l5v0A==

"@rollup/rollup-win32-arm64-msvc@4.34.5":
  version "4.34.5"
  resolved "https://registry.yarnpkg.com/@rollup/rollup-win32-arm64-msvc/-/rollup-win32-arm64-msvc-4.34.5.tgz#d9f4a433addf4d36264ddc15130144ee8506665a"
  integrity sha512-PUbWd+h/h6rUowalDYIdc9S9LJXbQDMcJe0BjABl3oT3efYRgZ8aUe8ZZDSie7y+fz6Z+rueNfdorIbkWv5Eqg==

"@rollup/rollup-win32-ia32-msvc@4.34.5":
  version "4.34.5"
  resolved "https://registry.yarnpkg.com/@rollup/rollup-win32-ia32-msvc/-/rollup-win32-ia32-msvc-4.34.5.tgz#7f1263e0ea24ee098952a89c42eb5a1a5345a32f"
  integrity sha512-3vncGhOJiAUR85fnAXJyvSp2GaDWYByIQmW68ZAr+e8kIxgvJ1VaZbfHD5BO5X6hwRQdY6Um/XfA3l5c2lV+OQ==

"@rollup/rollup-win32-x64-msvc@4.34.5":
  version "4.34.5"
  resolved "https://registry.yarnpkg.com/@rollup/rollup-win32-x64-msvc/-/rollup-win32-x64-msvc-4.34.5.tgz#a8996c4726a28caa7c68105101ca4ec655ffd65e"
  integrity sha512-Mi8yVUlQOoeBpY72n75VLATptPGvj2lHa47rQdK9kZ4MoG5Ve86aVIU+PO3tBklTCBtILtdRfXS0EvIbXgmCAg==

"@sentry-internal/browser-utils@8.54.0":
  version "8.54.0"
  resolved "https://registry.yarnpkg.com/@sentry-internal/browser-utils/-/browser-utils-8.54.0.tgz#2d68c7fa843db867ed98059faf1a750be3eca95a"
  integrity sha512-DKWCqb4YQosKn6aD45fhKyzhkdG7N6goGFDeyTaJFREJDFVDXiNDsYZu30nJ6BxMM7uQIaARhPAC5BXfoED3pQ==
  dependencies:
    "@sentry/core" "8.54.0"

"@sentry-internal/feedback@8.54.0":
  version "8.54.0"
  resolved "https://registry.yarnpkg.com/@sentry-internal/feedback/-/feedback-8.54.0.tgz#52c3a63aa5b520eca7acfa1376621e8441984126"
  integrity sha512-nQqRacOXoElpE0L0ADxUUII0I3A94niqG9Z4Fmsw6057QvyrV/LvTiMQBop6r5qLjwMqK+T33iR4/NQI5RhsXQ==
  dependencies:
    "@sentry/core" "8.54.0"

"@sentry-internal/replay-canvas@8.54.0":
  version "8.54.0"
  resolved "https://registry.yarnpkg.com/@sentry-internal/replay-canvas/-/replay-canvas-8.54.0.tgz#e57a3893db2bb0ea7ad9dc2a804bb035142fe3ba"
  integrity sha512-K/On3OAUBeq/TV2n+1EvObKC+WMV9npVXpVyJqCCyn8HYMm8FUGzuxeajzm0mlW4wDTPCQor6mK9/IgOquUzCw==
  dependencies:
    "@sentry-internal/replay" "8.54.0"
    "@sentry/core" "8.54.0"

"@sentry-internal/replay@8.54.0":
  version "8.54.0"
  resolved "https://registry.yarnpkg.com/@sentry-internal/replay/-/replay-8.54.0.tgz#b92990a51ffbe8d92998ff8188db9e3a6f9d1e18"
  integrity sha512-8xuBe06IaYIGJec53wUC12tY2q4z2Z0RPS2s1sLtbA00EvK1YDGuXp96IDD+HB9mnDMrQ/jW5f97g9TvPsPQUg==
  dependencies:
    "@sentry-internal/browser-utils" "8.54.0"
    "@sentry/core" "8.54.0"

"@sentry/browser@^8.54.0":
  version "8.54.0"
  resolved "https://registry.yarnpkg.com/@sentry/browser/-/browser-8.54.0.tgz#5487075908aac564892e689e1b6d233fdb314f5b"
  integrity sha512-BgUtvxFHin0fS0CmJVKTLXXZcke0Av729IVfi+2fJ4COX8HO7/HAP02RKaSQGmL2HmvWYTfNZ7529AnUtrM4Rg==
  dependencies:
    "@sentry-internal/browser-utils" "8.54.0"
    "@sentry-internal/feedback" "8.54.0"
    "@sentry-internal/replay" "8.54.0"
    "@sentry-internal/replay-canvas" "8.54.0"
    "@sentry/core" "8.54.0"

"@sentry/core@8.54.0":
  version "8.54.0"
  resolved "https://registry.yarnpkg.com/@sentry/core/-/core-8.54.0.tgz#a2ebec965cadcb6de89e116689feeef79d5862a6"
  integrity sha512-03bWf+D1j28unOocY/5FDB6bUHtYlm6m6ollVejhg45ZmK9iPjdtxNWbrLsjT1WRym0Tjzowu+A3p+eebYEv0Q==

"@types/estree@1.0.6":
  version "1.0.6"
  resolved "https://registry.yarnpkg.com/@types/estree/-/estree-1.0.6.tgz#628effeeae2064a1b4e79f78e81d87b7e5fc7b50"
  integrity sha512-AYnb1nQyY49te+VRAVgmzfcgjYS91mY5P0TKUDCLEM+gNnA+3T6rWITXRLYCpahpqSQbN5cE+gHpnPyXjHWxcw==

esbuild@^0.24.2:
  version "0.24.2"
  resolved "https://registry.yarnpkg.com/esbuild/-/esbuild-0.24.2.tgz#b5b55bee7de017bff5fb8a4e3e44f2ebe2c3567d"
  integrity sha512-+9egpBW8I3CD5XPe0n6BfT5fxLzxrlDzqydF3aviG+9ni1lDC/OvMHcxqEFV0+LANZG5R1bFMWfUrjVsdwxJvA==
  optionalDependencies:
    "@esbuild/aix-ppc64" "0.24.2"
    "@esbuild/android-arm" "0.24.2"
    "@esbuild/android-arm64" "0.24.2"
    "@esbuild/android-x64" "0.24.2"
    "@esbuild/darwin-arm64" "0.24.2"
    "@esbuild/darwin-x64" "0.24.2"
    "@esbuild/freebsd-arm64" "0.24.2"
    "@esbuild/freebsd-x64" "0.24.2"
    "@esbuild/linux-arm" "0.24.2"
    "@esbuild/linux-arm64" "0.24.2"
    "@esbuild/linux-ia32" "0.24.2"
    "@esbuild/linux-loong64" "0.24.2"
    "@esbuild/linux-mips64el" "0.24.2"
    "@esbuild/linux-ppc64" "0.24.2"
    "@esbuild/linux-riscv64" "0.24.2"
    "@esbuild/linux-s390x" "0.24.2"
    "@esbuild/linux-x64" "0.24.2"
    "@esbuild/netbsd-arm64" "0.24.2"
    "@esbuild/netbsd-x64" "0.24.2"
    "@esbuild/openbsd-arm64" "0.24.2"
    "@esbuild/openbsd-x64" "0.24.2"
    "@esbuild/sunos-x64" "0.24.2"
    "@esbuild/win32-arm64" "0.24.2"
    "@esbuild/win32-ia32" "0.24.2"
    "@esbuild/win32-x64" "0.24.2"

fsevents@~2.3.2, fsevents@~2.3.3:
  version "2.3.3"
  resolved "https://registry.yarnpkg.com/fsevents/-/fsevents-2.3.3.tgz#cac6407785d03675a2a5e1a5305c697b347d90d6"
  integrity sha512-5xoDfX+fL7faATnagmWPpbFtwh/R77WmMMqqHGS65C3vvB0YHrgF+B1YmZ3441tMj5n63k0212XNoJwzlhffQw==

nanoid@^3.3.8:
  version "3.3.8"
  resolved "https://registry.yarnpkg.com/nanoid/-/nanoid-3.3.8.tgz#b1be3030bee36aaff18bacb375e5cce521684baf"
  integrity sha512-WNLf5Sd8oZxOm+TzppcYk8gVOgP+l58xNy58D0nbUnOxOWRWvlcCV4kUF7ltmI6PsrLl/BgKEyS4mqsGChFN0w==

picocolors@^1.1.1:
  version "1.1.1"
  resolved "https://registry.yarnpkg.com/picocolors/-/picocolors-1.1.1.tgz#3d321af3eab939b083c8f929a1d12cda81c26b6b"
  integrity sha512-xceH2snhtb5M9liqDsmEw56le376mTZkEX/jEb/RxNFyegNul7eNslCXP9FDj/Lcu0X8KEyMceP2ntpaHrDEVA==

postcss@^8.5.1:
  version "8.5.1"
  resolved "https://registry.yarnpkg.com/postcss/-/postcss-8.5.1.tgz#e2272a1f8a807fafa413218245630b5db10a3214"
  integrity sha512-6oz2beyjc5VMn/KV1pPw8fliQkhBXrVn1Z3TVyqZxU8kZpzEKhBdmCFqI6ZbmGtamQvQGuU1sgPTk8ZrXDD7jQ==
  dependencies:
    nanoid "^3.3.8"
    picocolors "^1.1.1"
    source-map-js "^1.2.1"

rollup@^4.30.1:
  version "4.34.5"
  resolved "https://registry.yarnpkg.com/rollup/-/rollup-4.34.5.tgz#0c66e3a67cd35dc175ab01504d034a31ee4d0ad8"
  integrity sha512-GyVCmpo9z/HYqFD8QWoBUnz1Q9xC22t8tPAZm/AvAcUg2U2/+DkboEvSioMwv042zE4I9N3FEhx7fiCT2YHzKQ==
  dependencies:
    "@types/estree" "1.0.6"
  optionalDependencies:
    "@rollup/rollup-android-arm-eabi" "4.34.5"
    "@rollup/rollup-android-arm64" "4.34.5"
    "@rollup/rollup-darwin-arm64" "4.34.5"
    "@rollup/rollup-darwin-x64" "4.34.5"
    "@rollup/rollup-freebsd-arm64" "4.34.5"
    "@rollup/rollup-freebsd-x64" "4.34.5"
    "@rollup/rollup-linux-arm-gnueabihf" "4.34.5"
    "@rollup/rollup-linux-arm-musleabihf" "4.34.5"
    "@rollup/rollup-linux-arm64-gnu" "4.34.5"
    "@rollup/rollup-linux-arm64-musl" "4.34.5"
    "@rollup/rollup-linux-loongarch64-gnu" "4.34.5"
    "@rollup/rollup-linux-powerpc64le-gnu" "4.34.5"
    "@rollup/rollup-linux-riscv64-gnu" "4.34.5"
    "@rollup/rollup-linux-s390x-gnu" "4.34.5"
    "@rollup/rollup-linux-x64-gnu" "4.34.5"
    "@rollup/rollup-linux-x64-musl" "4.34.5"
    "@rollup/rollup-win32-arm64-msvc" "4.34.5"
    "@rollup/rollup-win32-ia32-msvc" "4.34.5"
    "@rollup/rollup-win32-x64-msvc" "4.34.5"
    fsevents "~2.3.2"

source-map-js@^1.2.1:
  version "1.2.1"
  resolved "https://registry.yarnpkg.com/source-map-js/-/source-map-js-1.2.1.tgz#1ce5650fddd87abc099eda37dcff024c2667ae46"
  integrity sha512-UXWMKhLOwVKb728IUtQPXxfYU+usdybtUrK/8uGE8CQMvrhOpwvzDBwj0QhSL7MQc7vIsISBG8VQ8+IDQxpfQA==

typescript@~5.7.2:
  version "5.7.3"
  resolved "https://registry.yarnpkg.com/typescript/-/typescript-5.7.3.tgz#919b44a7dbb8583a9b856d162be24a54bf80073e"
  integrity sha512-84MVSjMEHP+FQRPy3pX9sTVV/INIex71s9TL2Gm5FG/WG1SqXeKyZ0k7/blY/4FdOzI12CBy1vGc4og/eus0fw==

vite@^6.1.0:
  version "6.1.0"
  resolved "https://registry.yarnpkg.com/vite/-/vite-6.1.0.tgz#00a4e99a23751af98a2e4701c65ba89ce23858a6"
  integrity sha512-RjjMipCKVoR4hVfPY6GQTgveinjNuyLw+qruksLDvA5ktI1150VmcMBKmQaEWJhg/j6Uaf6dNCNA0AfdzUb/hQ==
  dependencies:
    esbuild "^0.24.2"
    postcss "^8.5.1"
    rollup "^4.30.1"
  optionalDependencies:
    fsevents "~2.3.3"
